
Microsoft Visual Studio Solution File, Format Version 12.00
# Visual Studio Version 17
VisualStudioVersion = 17.11.35431.28
MinimumVisualStudioVersion = 10.0.40219.1
Project("{FAE04EC0-301F-11D3-BF4B-00C04F79EFBC}") = "RealEstateApi", "RealEstateApi\RealEstateApi.csproj", "{AF447649-6569-4222-8DC1-085E3B045268}"
EndProject
Project("{FAE04EC0-301F-11D3-BF4B-00C04F79EFBC}") = "RealEstateUI", "RealEstateUI\RealEstateUI.csproj", "{CCD96C48-1C48-457B-A0BC-9B20BE878581}"
EndProject
Global
	GlobalSection(SolutionConfigurationPlatforms) = preSolution
		Debug|Any CPU = Debug|Any CPU
		Release|Any CPU = Release|Any CPU
	EndGlobalSection
	GlobalSection(ProjectConfigurationPlatforms) = postSolution
		{AF447649-6569-4222-8DC1-085E3B045268}.Debug|Any CPU.ActiveCfg = Debug|Any CPU
		{AF447649-6569-4222-8DC1-085E3B045268}.Debug|Any CPU.Build.0 = Debug|Any CPU
		{AF447649-6569-4222-8DC1-085E3B045268}.Release|Any CPU.ActiveCfg = Release|Any CPU
		{AF447649-6569-4222-8DC1-085E3B045268}.Release|Any CPU.Build.0 = Release|Any CPU
		{CCD96C48-1C48-457B-A0BC-9B20BE878581}.Debug|Any CPU.ActiveCfg = Debug|Any CPU
		{CCD96C48-1C48-457B-A0BC-9B20BE878581}.Debug|Any CPU.Build.0 = Debug|Any CPU
		{CCD96C48-1C48-457B-A0BC-9B20BE878581}.Release|Any CPU.ActiveCfg = Release|Any CPU
		{CCD96C48-1C48-457B-A0BC-9B20BE878581}.Release|Any CPU.Build.0 = Release|Any CPU
	EndGlobalSection
	GlobalSection(SolutionProperties) = preSolution
		HideSolutionNode = FALSE
	EndGlobalSection
	GlobalSection(ExtensibilityGlobals) = postSolution
		SolutionGuid = {DBEDB15B-3080-411E-9FC4-ECF4624AF0DC}
	EndGlobalSection
EndGlobal
